
Microsoft Visual Studio Solution File, Format Version 12.00
# Visual Studio Version 16
VisualStudioVersion = 16.0.32802.440
MinimumVisualStudioVersion = 10.0.40219.1
Project("{FAE04EC0-301F-11D3-BF4B-00C04F79EFBC}") = "FilterDemo", "FilterDemo\FilterDemo.csproj", "{EB7D3A41-C987-4DAF-A7DA-8D3F645951CB}"
EndProject
Global
	GlobalSection(SolutionConfigurationPlatforms) = preSolution
		Debug|Any CPU = Debug|Any CPU
		Release|Any CPU = Release|Any CPU
	EndGlobalSection
	GlobalSection(ProjectConfigurationPlatforms) = postSolution
		{EB7D3A41-C987-4DAF-A7DA-8D3F645951CB}.Debug|Any CPU.ActiveCfg = Debug|Any CPU
		{EB7D3A41-C987-4DAF-A7DA-8D3F645951CB}.Debug|Any CPU.Build.0 = Debug|Any CPU
		{EB7D3A41-C987-4DAF-A7DA-8D3F645951CB}.Release|Any CPU.ActiveCfg = Release|Any CPU
		{EB7D3A41-C987-4DAF-A7DA-8D3F645951CB}.Release|Any CPU.Build.0 = Release|Any CPU
	EndGlobalSection
	GlobalSection(SolutionProperties) = preSolution
		HideSolutionNode = FALSE
	EndGlobalSection
	GlobalSection(ExtensibilityGlobals) = postSolution
		SolutionGuid = {D51523D0-5450-4080-9CE6-AC47F8491413}
	EndGlobalSection
EndGlobal
