
Microsoft Visual Studio Solution File, Format Version 12.00
# Visual Studio Version 16
VisualStudioVersion = 16.0.32802.440
MinimumVisualStudioVersion = 10.0.40219.1
Project("{FAE04EC0-301F-11D3-BF4B-00C04F79EFBC}") = "DotNetCoreApiUsingAngular", "DotNetCoreApiUsingAngular\DotNetCoreApiUsingAngular.csproj", "{97DC79AD-9062-4A37-A7EE-F5F77F678338}"
EndProject
Global
	GlobalSection(SolutionConfigurationPlatforms) = preSolution
		Debug|Any CPU = Debug|Any CPU
		Release|Any CPU = Release|Any CPU
	EndGlobalSection
	GlobalSection(ProjectConfigurationPlatforms) = postSolution
		{97DC79AD-9062-4A37-A7EE-F5F77F678338}.Debug|Any CPU.ActiveCfg = Debug|Any CPU
		{97DC79AD-9062-4A37-A7EE-F5F77F678338}.Debug|Any CPU.Build.0 = Debug|Any CPU
		{97DC79AD-9062-4A37-A7EE-F5F77F678338}.Release|Any CPU.ActiveCfg = Release|Any CPU
		{97DC79AD-9062-4A37-A7EE-F5F77F678338}.Release|Any CPU.Build.0 = Release|Any CPU
	EndGlobalSection
	GlobalSection(SolutionProperties) = preSolution
		HideSolutionNode = FALSE
	EndGlobalSection
	GlobalSection(ExtensibilityGlobals) = postSolution
		SolutionGuid = {B664ECFF-EBC7-4BCA-B8CD-8492DFC389C0}
	EndGlobalSection
EndGlobal
